// !$*UTF8*$!
{
	archiveVersion = 1;
	classes = {
	};
	objectVersion = 46;
	objects = {

/* Begin PBXBuildFile section */
		8C7C8FE516076117009E95CD /* UIKit.framework in Frameworks */ = {isa = PBXBuildFile; fileRef = 8C7C8FE416076117009E95CD /* UIKit.framework */; };
		8C7C8FE716076117009E95CD /* Foundation.framework in Frameworks */ = {isa = PBXBuildFile; fileRef = 8C7C8FE616076117009E95CD /* Foundation.framework */; };
		8C7C8FE916076117009E95CD /* CoreGraphics.framework in Frameworks */ = {isa = PBXBuildFile; fileRef = 8C7C8FE816076117009E95CD /* CoreGraphics.framework */; };
		8C7C8FEF16076117009E95CD /* InfoPlist.strings in Resources */ = {isa = PBXBuildFile; fileRef = 8C7C8FED16076117009E95CD /* InfoPlist.strings */; };
		8C7C8FF116076117009E95CD /* main.m in Sources */ = {isa = PBXBuildFile; fileRef = 8C7C8FF016076117009E95CD /* main.m */; };
		8C7C8FF516076117009E95CD /* AppDelegate.m in Sources */ = {isa = PBXBuildFile; fileRef = 8C7C8FF416076117009E95CD /* AppDelegate.m */; };
		8C7C8FF716076117009E95CD /* Default.png in Resources */ = {isa = PBXBuildFile; fileRef = 8C7C8FF616076117009E95CD /* Default.png */; };
		8C7C8FF916076117009E95CD /* Default@2x.png in Resources */ = {isa = PBXBuildFile; fileRef = 8C7C8FF816076117009E95CD /* Default@2x.png */; };
		8C7C8FFB16076117009E95CD /* Default-568h@2x.png in Resources */ = {isa = PBXBuildFile; fileRef = 8C7C8FFA16076117009E95CD /* Default-568h@2x.png */; };
		8C7C90081607617E009E95CD /* SearchViewController.m in Sources */ = {isa = PBXBuildFile; fileRef = 8C7C90071607617E009E95CD /* SearchViewController.m */; };
		8C7C9019160771CE009E95CD /* MPSearchableTableViewController.m in Sources */ = {isa = PBXBuildFile; fileRef = 8C7C9016160771CE009E95CD /* MPSearchableTableViewController.m */; };
		8C7C901A160771CE009E95CD /* MPTableViewSearchBarBackgroundView.m in Sources */ = {isa = PBXBuildFile; fileRef = 8C7C9018160771CE009E95CD /* MPTableViewSearchBarBackgroundView.m */; };
/* End PBXBuildFile section */

/* Begin PBXFileReference section */
		8C7C8FE016076117009E95CD /* Example.app */ = {isa = PBXFileReference; explicitFileType = wrapper.application; includeInIndex = 0; path = Example.app; sourceTree = BUILT_PRODUCTS_DIR; };
		8C7C8FE416076117009E95CD /* UIKit.framework */ = {isa = PBXFileReference; lastKnownFileType = wrapper.framework; name = UIKit.framework; path = System/Library/Frameworks/UIKit.framework; sourceTree = SDKROOT; };
		8C7C8FE616076117009E95CD /* Foundation.framework */ = {isa = PBXFileReference; lastKnownFileType = wrapper.framework; name = Foundation.framework; path = System/Library/Frameworks/Foundation.framework; sourceTree = SDKROOT; };
		8C7C8FE816076117009E95CD /* CoreGraphics.framework */ = {isa = PBXFileReference; lastKnownFileType = wrapper.framework; name = CoreGraphics.framework; path = System/Library/Frameworks/CoreGraphics.framework; sourceTree = SDKROOT; };
		8C7C8FEC16076117009E95CD /* Example-Info.plist */ = {isa = PBXFileReference; lastKnownFileType = text.plist.xml; path = "Example-Info.plist"; sourceTree = "<group>"; };
		8C7C8FEE16076117009E95CD /* en */ = {isa = PBXFileReference; lastKnownFileType = text.plist.strings; name = en; path = en.lproj/InfoPlist.strings; sourceTree = "<group>"; };
		8C7C8FF016076117009E95CD /* main.m */ = {isa = PBXFileReference; lastKnownFileType = sourcecode.c.objc; path = main.m; sourceTree = "<group>"; };
		8C7C8FF216076117009E95CD /* Example-Prefix.pch */ = {isa = PBXFileReference; lastKnownFileType = sourcecode.c.h; path = "Example-Prefix.pch"; sourceTree = "<group>"; };
		8C7C8FF316076117009E95CD /* AppDelegate.h */ = {isa = PBXFileReference; lastKnownFileType = sourcecode.c.h; path = AppDelegate.h; sourceTree = "<group>"; };
		8C7C8FF416076117009E95CD /* AppDelegate.m */ = {isa = PBXFileReference; lastKnownFileType = sourcecode.c.objc; path = AppDelegate.m; sourceTree = "<group>"; };
		8C7C8FF616076117009E95CD /* Default.png */ = {isa = PBXFileReference; lastKnownFileType = image.png; path = Default.png; sourceTree = "<group>"; };
		8C7C8FF816076117009E95CD /* Default@2x.png */ = {isa = PBXFileReference; lastKnownFileType = image.png; path = "Default@2x.png"; sourceTree = "<group>"; };
		8C7C8FFA16076117009E95CD /* Default-568h@2x.png */ = {isa = PBXFileReference; lastKnownFileType = image.png; path = "Default-568h@2x.png"; sourceTree = "<group>"; };
		8C7C90061607617E009E95CD /* SearchViewController.h */ = {isa = PBXFileReference; fileEncoding = 4; lastKnownFileType = sourcecode.c.h; path = SearchViewController.h; sourceTree = "<group>"; };
		8C7C90071607617E009E95CD /* SearchViewController.m */ = {isa = PBXFileReference; fileEncoding = 4; lastKnownFileType = sourcecode.c.objc; path = SearchViewController.m; sourceTree = "<group>"; };
		8C7C9015160771CE009E95CD /* MPSearchableTableViewController.h */ = {isa = PBXFileReference; fileEncoding = 4; lastKnownFileType = sourcecode.c.h; path = MPSearchableTableViewController.h; sourceTree = "<group>"; };
		8C7C9016160771CE009E95CD /* MPSearchableTableViewController.m */ = {isa = PBXFileReference; fileEncoding = 4; lastKnownFileType = sourcecode.c.objc; path = MPSearchableTableViewController.m; sourceTree = "<group>"; };
		8C7C9017160771CE009E95CD /* MPTableViewSearchBarBackgroundView.h */ = {isa = PBXFileReference; fileEncoding = 4; lastKnownFileType = sourcecode.c.h; path = MPTableViewSearchBarBackgroundView.h; sourceTree = "<group>"; };
		8C7C9018160771CE009E95CD /* MPTableViewSearchBarBackgroundView.m */ = {isa = PBXFileReference; fileEncoding = 4; lastKnownFileType = sourcecode.c.objc; path = MPTableViewSearchBarBackgroundView.m; sourceTree = "<group>"; };
/* End PBXFileReference section */

/* Begin PBXFrameworksBuildPhase section */
		8C7C8FDD16076117009E95CD /* Frameworks */ = {
			isa = PBXFrameworksBuildPhase;
			buildActionMask = 2147483647;
			files = (
				8C7C8FE516076117009E95CD /* UIKit.framework in Frameworks */,
				8C7C8FE716076117009E95CD /* Foundation.framework in Frameworks */,
				8C7C8FE916076117009E95CD /* CoreGraphics.framework in Frameworks */,
			);
			runOnlyForDeploymentPostprocessing = 0;
		};
/* End PBXFrameworksBuildPhase section */

/* Begin PBXGroup section */
		8C7C8FD516076117009E95CD = {
			isa = PBXGroup;
			children = (
				8C7C8FEA16076117009E95CD /* Example */,
				8C7C8FE316076117009E95CD /* Frameworks */,
				8C7C8FE116076117009E95CD /* Products */,
			);
			sourceTree = "<group>";
		};
		8C7C8FE116076117009E95CD /* Products */ = {
			isa = PBXGroup;
			children = (
				8C7C8FE016076117009E95CD /* Example.app */,
			);
			name = Products;
			sourceTree = "<group>";
		};
		8C7C8FE316076117009E95CD /* Frameworks */ = {
			isa = PBXGroup;
			children = (
				8C7C9014160771CE009E95CD /* MPSearchableTableViewController */,
				8C7C8FE416076117009E95CD /* UIKit.framework */,
				8C7C8FE616076117009E95CD /* Foundation.framework */,
				8C7C8FE816076117009E95CD /* CoreGraphics.framework */,
			);
			name = Frameworks;
			sourceTree = "<group>";
		};
		8C7C8FEA16076117009E95CD /* Example */ = {
			isa = PBXGroup;
			children = (
				8C7C90061607617E009E95CD /* SearchViewController.h */,
				8C7C90071607617E009E95CD /* SearchViewController.m */,
				8C7C8FF316076117009E95CD /* AppDelegate.h */,
				8C7C8FF416076117009E95CD /* AppDelegate.m */,
				8C7C8FEB16076117009E95CD /* Supporting Files */,
			);
			path = Example;
			sourceTree = "<group>";
		};
		8C7C8FEB16076117009E95CD /* Supporting Files */ = {
			isa = PBXGroup;
			children = (
				8C7C8FEC16076117009E95CD /* Example-Info.plist */,
				8C7C8FED16076117009E95CD /* InfoPlist.strings */,
				8C7C8FF016076117009E95CD /* main.m */,
				8C7C8FF216076117009E95CD /* Example-Prefix.pch */,
				8C7C8FF616076117009E95CD /* Default.png */,
				8C7C8FF816076117009E95CD /* Default@2x.png */,
				8C7C8FFA16076117009E95CD /* Default-568h@2x.png */,
			);
			name = "Supporting Files";
			sourceTree = "<group>";
		};
		8C7C9014160771CE009E95CD /* MPSearchableTableViewController */ = {
			isa = PBXGroup;
			children = (
				8C7C9015160771CE009E95CD /* MPSearchableTableViewController.h */,
				8C7C9016160771CE009E95CD /* MPSearchableTableViewController.m */,
				8C7C9017160771CE009E95CD /* MPTableViewSearchBarBackgroundView.h */,
				8C7C9018160771CE009E95CD /* MPTableViewSearchBarBackgroundView.m */,
			);
			path = MPSearchableTableViewController;
			sourceTree = "<group>";
		};
/* End PBXGroup section */

/* Begin PBXNativeTarget section */
		8C7C8FDF16076117009E95CD /* Example */ = {
			isa = PBXNativeTarget;
			buildConfigurationList = 8C7C8FFE16076117009E95CD /* Build configuration list for PBXNativeTarget "Example" */;
			buildPhases = (
				8C7C8FDC16076117009E95CD /* Sources */,
				8C7C8FDD16076117009E95CD /* Frameworks */,
				8C7C8FDE16076117009E95CD /* Resources */,
			);
			buildRules = (
			);
			dependencies = (
			);
			name = Example;
			productName = Example;
			productReference = 8C7C8FE016076117009E95CD /* Example.app */;
			productType = "com.apple.product-type.application";
		};
/* End PBXNativeTarget section */

/* Begin PBXProject section */
		8C7C8FD716076117009E95CD /* Project object */ = {
			isa = PBXProject;
			attributes = {
				LastUpgradeCheck = 0450;
				ORGANIZATIONNAME = "Matthias Plappert";
			};
			buildConfigurationList = 8C7C8FDA16076117009E95CD /* Build configuration list for PBXProject "Example" */;
			compatibilityVersion = "Xcode 3.2";
			developmentRegion = English;
			hasScannedForEncodings = 0;
			knownRegions = (
				en,
			);
			mainGroup = 8C7C8FD516076117009E95CD;
			productRefGroup = 8C7C8FE116076117009E95CD /* Products */;
			projectDirPath = "";
			projectRoot = "";
			targets = (
				8C7C8FDF16076117009E95CD /* Example */,
			);
		};
/* End PBXProject section */

/* Begin PBXResourcesBuildPhase section */
		8C7C8FDE16076117009E95CD /* Resources */ = {
			isa = PBXResourcesBuildPhase;
			buildActionMask = 2147483647;
			files = (
				8C7C8FEF16076117009E95CD /* InfoPlist.strings in Resources */,
				8C7C8FF716076117009E95CD /* Default.png in Resources */,
				8C7C8FF916076117009E95CD /* Default@2x.png in Resources */,
				8C7C8FFB16076117009E95CD /* Default-568h@2x.png in Resources */,
			);
			runOnlyForDeploymentPostprocessing = 0;
		};
/* End PBXResourcesBuildPhase section */

/* Begin PBXSourcesBuildPhase section */
		8C7C8FDC16076117009E95CD /* Sources */ = {
			isa = PBXSourcesBuildPhase;
			buildActionMask = 2147483647;
			files = (
				8C7C8FF116076117009E95CD /* main.m in Sources */,
				8C7C8FF516076117009E95CD /* AppDelegate.m in Sources */,
				8C7C90081607617E009E95CD /* SearchViewController.m in Sources */,
				8C7C9019160771CE009E95CD /* MPSearchableTableViewController.m in Sources */,
				8C7C901A160771CE009E95CD /* MPTableViewSearchBarBackgroundView.m in Sources */,
			);
			runOnlyForDeploymentPostprocessing = 0;
		};
/* End PBXSourcesBuildPhase section */

/* Begin PBXVariantGroup section */
		8C7C8FED16076117009E95CD /* InfoPlist.strings */ = {
			isa = PBXVariantGroup;
			children = (
				8C7C8FEE16076117009E95CD /* en */,
			);
			name = InfoPlist.strings;
			sourceTree = "<group>";
		};
/* End PBXVariantGroup section */

/* Begin XCBuildConfiguration section */
		8C7C8FFC16076117009E95CD /* Debug */ = {
			isa = XCBuildConfiguration;
			buildSettings = {
				ALWAYS_SEARCH_USER_PATHS = NO;
				CLANG_CXX_LANGUAGE_STANDARD = "gnu++0x";
				CLANG_CXX_LIBRARY = "libc++";
				CLANG_ENABLE_OBJC_ARC = YES;
				CLANG_WARN_EMPTY_BODY = YES;
				CLANG_WARN__DUPLICATE_METHOD_MATCH = YES;
				"CODE_SIGN_IDENTITY[sdk=iphoneos*]" = "iPhone Developer";
				COPY_PHASE_STRIP = NO;
				GCC_C_LANGUAGE_STANDARD = gnu99;
				GCC_DYNAMIC_NO_PIC = NO;
				GCC_OPTIMIZATION_LEVEL = 0;
				GCC_PREPROCESSOR_DEFINITIONS = (
					"DEBUG=1",
					"$(inherited)",
				);
				GCC_SYMBOLS_PRIVATE_EXTERN = NO;
				GCC_WARN_ABOUT_RETURN_TYPE = YES;
				GCC_WARN_UNINITIALIZED_AUTOS = YES;
				GCC_WARN_UNUSED_VARIABLE = YES;
				IPHONEOS_DEPLOYMENT_TARGET = 6.0;
				SDKROOT = iphoneos;
			};
			name = Debug;
		};
		8C7C8FFD16076117009E95CD /* Release */ = {
			isa = XCBuildConfiguration;
			buildSettings = {
				ALWAYS_SEARCH_USER_PATHS = NO;
				CLANG_CXX_LANGUAGE_STANDARD = "gnu++0x";
				CLANG_CXX_LIBRARY = "libc++";
				CLANG_ENABLE_OBJC_ARC = YES;
				CLANG_WARN_EMPTY_BODY = YES;
				CLANG_WARN__DUPLICATE_METHOD_MATCH = YES;
				"CODE_SIGN_IDENTITY[sdk=iphoneos*]" = "iPhone Developer";
				COPY_PHASE_STRIP = YES;
				GCC_C_LANGUAGE_STANDARD = gnu99;
				GCC_WARN_ABOUT_RETURN_TYPE = YES;
				GCC_WARN_UNINITIALIZED_AUTOS = YES;
				GCC_WARN_UNUSED_VARIABLE = YES;
				IPHONEOS_DEPLOYMENT_TARGET = 6.0;
				OTHER_CFLAGS = "-DNS_BLOCK_ASSERTIONS=1";
				SDKROOT = iphoneos;
				VALIDATE_PRODUCT = YES;
			};
			name = Release;
		};
		8C7C8FFF16076117009E95CD /* Debug */ = {
			isa = XCBuildConfiguration;
			buildSettings = {
				GCC_PRECOMPILE_PREFIX_HEADER = YES;
				GCC_PREFIX_HEADER = "Example/Example-Prefix.pch";
				INFOPLIST_FILE = "Example/Example-Info.plist";
				PRODUCT_NAME = "$(TARGET_NAME)";
				WRAPPER_EXTENSION = app;
			};
			name = Debug;
		};
		8C7C900016076117009E95CD /* Release */ = {
			isa = XCBuildConfiguration;
			buildSettings = {
				GCC_PRECOMPILE_PREFIX_HEADER = YES;
				GCC_PREFIX_HEADER = "Example/Example-Prefix.pch";
				INFOPLIST_FILE = "Example/Example-Info.plist";
				PRODUCT_NAME = "$(TARGET_NAME)";
				WRAPPER_EXTENSION = app;
			};
			name = Release;
		};
/* End XCBuildConfiguration section */

/* Begin XCConfigurationList section */
		8C7C8FDA16076117009E95CD /* Build configuration list for PBXProject "Example" */ = {
			isa = XCConfigurationList;
			buildConfigurations = (
				8C7C8FFC16076117009E95CD /* Debug */,
				8C7C8FFD16076117009E95CD /* Release */,
			);
			defaultConfigurationIsVisible = 0;
			defaultConfigurationName = Release;
		};
		8C7C8FFE16076117009E95CD /* Build configuration list for PBXNativeTarget "Example" */ = {
			isa = XCConfigurationList;
			buildConfigurations = (
				8C7C8FFF16076117009E95CD /* Debug */,
				8C7C900016076117009E95CD /* Release */,
			);
			defaultConfigurationIsVisible = 0;
			defaultConfigurationName = Release;
		};
/* End XCConfigurationList section */
	};
	rootObject = 8C7C8FD716076117009E95CD /* Project object */;
}
